
Microsoft Visual Studio Solution File, Format Version 12.00
# Visual Studio Version 16
VisualStudioVersion = 16.0.30907.101
MinimumVisualStudioVersion = 10.0.40219.1
Project("{FAE04EC0-301F-11D3-BF4B-00C04F79EFBC}") = "WpfTBQuestGame.S5", "WpfTBQuestGame.S5.csproj", "{9F6813EC-AF67-4D6A-A9A6-955D2B25C426}"
EndProject
Global
	GlobalSection(SolutionConfigurationPlatforms) = preSolution
		Debug|Any CPU = Debug|Any CPU
		Release|Any CPU = Release|Any CPU
	EndGlobalSection
	GlobalSection(ProjectConfigurationPlatforms) = postSolution
		{9F6813EC-AF67-4D6A-A9A6-955D2B25C426}.Debug|Any CPU.ActiveCfg = Debug|Any CPU
		{9F6813EC-AF67-4D6A-A9A6-955D2B25C426}.Debug|Any CPU.Build.0 = Debug|Any CPU
		{9F6813EC-AF67-4D6A-A9A6-955D2B25C426}.Release|Any CPU.ActiveCfg = Release|Any CPU
		{9F6813EC-AF67-4D6A-A9A6-955D2B25C426}.Release|Any CPU.Build.0 = Release|Any CPU
	EndGlobalSection
	GlobalSection(SolutionProperties) = preSolution
		HideSolutionNode = FALSE
	EndGlobalSection
	GlobalSection(ExtensibilityGlobals) = postSolution
		SolutionGuid = {5482C7D4-0CFA-4885-8964-B5AC9D418B87}
	EndGlobalSection
EndGlobal
